
Microsoft Visual Studio Solution File, Format Version 12.00
# Visual Studio Version 17
VisualStudioVersion = 17.13.35919.96 d17.13
MinimumVisualStudioVersion = 10.0.40219.1
Project("{FAE04EC0-301F-11D3-BF4B-00C04F79EFBC}") = "STT Lab12 FormApp", "STT Lab12 FormApp\STT Lab12 FormApp.csproj", "{7BAF4021-A5ED-4DCA-9944-2095C8DBD702}"
EndProject
Global
	GlobalSection(SolutionConfigurationPlatforms) = preSolution
		Debug|Any CPU = Debug|Any CPU
		Release|Any CPU = Release|Any CPU
	EndGlobalSection
	GlobalSection(ProjectConfigurationPlatforms) = postSolution
		{7BAF4021-A5ED-4DCA-9944-2095C8DBD702}.Debug|Any CPU.ActiveCfg = Debug|Any CPU
		{7BAF4021-A5ED-4DCA-9944-2095C8DBD702}.Debug|Any CPU.Build.0 = Debug|Any CPU
		{7BAF4021-A5ED-4DCA-9944-2095C8DBD702}.Release|Any CPU.ActiveCfg = Release|Any CPU
		{7BAF4021-A5ED-4DCA-9944-2095C8DBD702}.Release|Any CPU.Build.0 = Release|Any CPU
	EndGlobalSection
	GlobalSection(SolutionProperties) = preSolution
		HideSolutionNode = FALSE
	EndGlobalSection
	GlobalSection(ExtensibilityGlobals) = postSolution
		SolutionGuid = {527EB3AC-2163-497E-8406-B8F86A85CBEE}
	EndGlobalSection
EndGlobal
